
Microsoft Visual Studio Solution File, Format Version 12.00
# Visual Studio 15
VisualStudioVersion = 15.0.28307.438
MinimumVisualStudioVersion = 10.0.40219.1
Project("{FAE04EC0-301F-11D3-BF4B-00C04F79EFBC}") = "CodeWebApi", "CodeWebApi\CodeWebApi.csproj", "{2E8B2DD2-4F36-41EF-8EC0-1A29782F3C14}"
EndProject
Project("{FAE04EC0-301F-11D3-BF4B-00C04F79EFBC}") = "UnitTestProject", "UnitTestProject\UnitTestProject.csproj", "{0D25454E-FE09-439B-B999-4095E8A464DC}"
EndProject
Global
	GlobalSection(SolutionConfigurationPlatforms) = preSolution
		Debug|Any CPU = Debug|Any CPU
		Release|Any CPU = Release|Any CPU
	EndGlobalSection
	GlobalSection(ProjectConfigurationPlatforms) = postSolution
		{2E8B2DD2-4F36-41EF-8EC0-1A29782F3C14}.Debug|Any CPU.ActiveCfg = Debug|Any CPU
		{2E8B2DD2-4F36-41EF-8EC0-1A29782F3C14}.Debug|Any CPU.Build.0 = Debug|Any CPU
		{2E8B2DD2-4F36-41EF-8EC0-1A29782F3C14}.Release|Any CPU.ActiveCfg = Release|Any CPU
		{2E8B2DD2-4F36-41EF-8EC0-1A29782F3C14}.Release|Any CPU.Build.0 = Release|Any CPU
		{0D25454E-FE09-439B-B999-4095E8A464DC}.Debug|Any CPU.ActiveCfg = Debug|Any CPU
		{0D25454E-FE09-439B-B999-4095E8A464DC}.Debug|Any CPU.Build.0 = Debug|Any CPU
		{0D25454E-FE09-439B-B999-4095E8A464DC}.Release|Any CPU.ActiveCfg = Release|Any CPU
		{0D25454E-FE09-439B-B999-4095E8A464DC}.Release|Any CPU.Build.0 = Release|Any CPU
	EndGlobalSection
	GlobalSection(SolutionProperties) = preSolution
		HideSolutionNode = FALSE
	EndGlobalSection
	GlobalSection(ExtensibilityGlobals) = postSolution
		SolutionGuid = {021A675A-45BD-4AF8-8CBA-7D86317617D2}
	EndGlobalSection
EndGlobal
